
Microsoft Visual Studio Solution File, Format Version 12.00
# Visual Studio 15
VisualStudioVersion = 15.0.27428.2005
MinimumVisualStudioVersion = 10.0.40219.1
Project("{FAE04EC0-301F-11D3-BF4B-00C04F79EFBC}") = "sdk", "sdk\sdk.csproj", "{E7108628-870F-46B9-B97D-6630A6871481}"
EndProject
Project("{FAE04EC0-301F-11D3-BF4B-00C04F79EFBC}") = "custom-action", "custom-action\custom-action.csproj", "{C04729AF-EF8F-4EAE-A49B-E388D539272B}"
EndProject
Project("{FAE04EC0-301F-11D3-BF4B-00C04F79EFBC}") = "tools", "tools\tools.csproj", "{D98C234C-58FD-4B3D-8192-82BDD78A3119}"
EndProject
Project("{F5034706-568F-408A-B7B3-4D38C6DB8A32}") = "ps-tools", "ps-tools\ps-tools.pssproj", "{6CAFC0C6-A428-4D30-A9F9-700E829FEA51}"
EndProject
Global
	GlobalSection(SolutionConfigurationPlatforms) = preSolution
		Debug|Any CPU = Debug|Any CPU
		Release|Any CPU = Release|Any CPU
	EndGlobalSection
	GlobalSection(ProjectConfigurationPlatforms) = postSolution
		{E7108628-870F-46B9-B97D-6630A6871481}.Debug|Any CPU.ActiveCfg = Debug|Any CPU
		{E7108628-870F-46B9-B97D-6630A6871481}.Debug|Any CPU.Build.0 = Debug|Any CPU
		{E7108628-870F-46B9-B97D-6630A6871481}.Release|Any CPU.ActiveCfg = Release|Any CPU
		{E7108628-870F-46B9-B97D-6630A6871481}.Release|Any CPU.Build.0 = Release|Any CPU
		{C04729AF-EF8F-4EAE-A49B-E388D539272B}.Debug|Any CPU.ActiveCfg = Debug|Any CPU
		{C04729AF-EF8F-4EAE-A49B-E388D539272B}.Debug|Any CPU.Build.0 = Debug|Any CPU
		{C04729AF-EF8F-4EAE-A49B-E388D539272B}.Release|Any CPU.ActiveCfg = Release|Any CPU
		{C04729AF-EF8F-4EAE-A49B-E388D539272B}.Release|Any CPU.Build.0 = Release|Any CPU
		{D98C234C-58FD-4B3D-8192-82BDD78A3119}.Debug|Any CPU.ActiveCfg = Debug|Any CPU
		{D98C234C-58FD-4B3D-8192-82BDD78A3119}.Debug|Any CPU.Build.0 = Debug|Any CPU
		{D98C234C-58FD-4B3D-8192-82BDD78A3119}.Release|Any CPU.ActiveCfg = Release|Any CPU
		{D98C234C-58FD-4B3D-8192-82BDD78A3119}.Release|Any CPU.Build.0 = Release|Any CPU
		{6CAFC0C6-A428-4D30-A9F9-700E829FEA51}.Debug|Any CPU.ActiveCfg = Debug|Any CPU
		{6CAFC0C6-A428-4D30-A9F9-700E829FEA51}.Debug|Any CPU.Build.0 = Debug|Any CPU
		{6CAFC0C6-A428-4D30-A9F9-700E829FEA51}.Release|Any CPU.ActiveCfg = Release|Any CPU
		{6CAFC0C6-A428-4D30-A9F9-700E829FEA51}.Release|Any CPU.Build.0 = Release|Any CPU
	EndGlobalSection
	GlobalSection(SolutionProperties) = preSolution
		HideSolutionNode = FALSE
	EndGlobalSection
	GlobalSection(ExtensibilityGlobals) = postSolution
		SolutionGuid = {7A8BA589-39A4-41E5-B2F0-80C47CEAA582}
	EndGlobalSection
EndGlobal
